{
  "lockfileVersion": 1,
  "configVersion": 1,
  "workspaces": {
    "": {
      "name": "batch-groq-stt",
      "dependencies": {
        "groq-sdk": "^1.4.0",
      },
    },
  },
  "packages": {
    "groq-sdk": ["groq-sdk@1.4.0", "https://registry.npmmirror.com/groq-sdk/-/groq-sdk-1.4.0.tgz", { "bin": { "groq-sdk": "bin/cli" } }, "sha512-4EAmBWlt5SNVyhKWqVPns9marmWYbtYO4kkE0u34NW3+GlVQ5d/JJ0sJRg/rOsqmVispCD3bK/EykH3zC1AeUQ=="],
  }
}
