{
  "lockfileVersion": 1,
  "configVersion": 1,
  "workspaces": {
    "": {
      "name": "batch-groq-stt",
      "dependencies": {
        "groq-sdk": "^1.4.0",
      },
      "devDependencies": {
        "@types/node": "^26.1.1",
      },
    },
  },
  "packages": {
    "@types/node": ["@types/node@26.1.1", "https://registry.npmmirror.com/@types/node/-/node-26.1.1.tgz", { "dependencies": { "undici-types": "~8.3.0" } }, "sha512-nxAkRSVkN1Y0JC1W8ky/fTfkGsMmcrRsbx+3XoZE+rMOX71kLYTV7fLXpqud1GpbpP5TuffXFqfX7fH2GgZREw=="],

    "groq-sdk": ["groq-sdk@1.4.0", "https://registry.npmmirror.com/groq-sdk/-/groq-sdk-1.4.0.tgz", { "bin": { "groq-sdk": "bin/cli" } }, "sha512-4EAmBWlt5SNVyhKWqVPns9marmWYbtYO4kkE0u34NW3+GlVQ5d/JJ0sJRg/rOsqmVispCD3bK/EykH3zC1AeUQ=="],

    "undici-types": ["undici-types@8.3.0", "https://registry.npmmirror.com/undici-types/-/undici-types-8.3.0.tgz", {}, "sha512-j375ScV60dom+YkPFIfTLcOiPxkN/buHz5GobjLhixFuANaNs3C9l4GmrWqejgXWJ7BbJcFYpTEUkS1Ge8bpZQ=="],
  }
}
